
Microsoft Visual Studio Solution File, Format Version 12.00
# Visual Studio Version 16
VisualStudioVersion = 16.0.29001.49
MinimumVisualStudioVersion = 10.0.40219.1
Project("{FAE04EC0-301F-11D3-BF4B-00C04F79EFBC}") = "Big.Nutresa.Imagix.UI", "Big.Nutresa.Imagix.UI\Big.Nutresa.Imagix.UI.csproj", "{4DAA91A2-3A33-4DCC-9A78-8F046AF7C42A}"
EndProject
Project("{FAE04EC0-301F-11D3-BF4B-00C04F79EFBC}") = "Big.Nutresa.Imagix.UI.Tests", "Big.Nutresa.Imagix.UI.Tests\Big.Nutresa.Imagix.UI.Tests.csproj", "{8AE5EB80-4FB9-4245-AB2E-98CA677B5F51}"
EndProject
Project("{FAE04EC0-301F-11D3-BF4B-00C04F79EFBC}") = "Big.Nutresa.Imagix.UI.Common", "Big.Nutresa.Imagix.UI.Common\Big.Nutresa.Imagix.UI.Common.csproj", "{99A8D483-1D90-4684-A3A4-314B9656A5EB}"
EndProject
Project("{FAE04EC0-301F-11D3-BF4B-00C04F79EFBC}") = "Big.Nutresa.Imagix.Integration", "Big.Nutresa.Imagix.Integration\Big.Nutresa.Imagix.Integration.csproj", "{A4911A95-796D-40E5-BEA3-3235A086232B}"
EndProject
Project("{FAE04EC0-301F-11D3-BF4B-00C04F79EFBC}") = "Big.Nutresa.Imagix.Business", "Big.Nutresa.Imagix.Business\Big.Nutresa.Imagix.Business.csproj", "{C9EFF1AD-D6A8-4731-AD72-76790B2A47C2}"
EndProject
Project("{FAE04EC0-301F-11D3-BF4B-00C04F79EFBC}") = "Big.Nutresa.Imagix.DataAccess", "Big.Nutresa.Imagix.DataAccess\Big.Nutresa.Imagix.DataAccess.csproj", "{9758BF20-2E4D-4831-995E-81742FDEB153}"
EndProject
Global
	GlobalSection(SolutionConfigurationPlatforms) = preSolution
		Debug|Any CPU = Debug|Any CPU
		Release|Any CPU = Release|Any CPU
	EndGlobalSection
	GlobalSection(ProjectConfigurationPlatforms) = postSolution
		{4DAA91A2-3A33-4DCC-9A78-8F046AF7C42A}.Debug|Any CPU.ActiveCfg = Debug|Any CPU
		{4DAA91A2-3A33-4DCC-9A78-8F046AF7C42A}.Debug|Any CPU.Build.0 = Debug|Any CPU
		{4DAA91A2-3A33-4DCC-9A78-8F046AF7C42A}.Release|Any CPU.ActiveCfg = Release|Any CPU
		{4DAA91A2-3A33-4DCC-9A78-8F046AF7C42A}.Release|Any CPU.Build.0 = Release|Any CPU
		{8AE5EB80-4FB9-4245-AB2E-98CA677B5F51}.Debug|Any CPU.ActiveCfg = Debug|Any CPU
		{8AE5EB80-4FB9-4245-AB2E-98CA677B5F51}.Debug|Any CPU.Build.0 = Debug|Any CPU
		{8AE5EB80-4FB9-4245-AB2E-98CA677B5F51}.Release|Any CPU.ActiveCfg = Release|Any CPU
		{8AE5EB80-4FB9-4245-AB2E-98CA677B5F51}.Release|Any CPU.Build.0 = Release|Any CPU
		{99A8D483-1D90-4684-A3A4-314B9656A5EB}.Debug|Any CPU.ActiveCfg = Debug|Any CPU
		{99A8D483-1D90-4684-A3A4-314B9656A5EB}.Debug|Any CPU.Build.0 = Debug|Any CPU
		{99A8D483-1D90-4684-A3A4-314B9656A5EB}.Release|Any CPU.ActiveCfg = Release|Any CPU
		{99A8D483-1D90-4684-A3A4-314B9656A5EB}.Release|Any CPU.Build.0 = Release|Any CPU
		{A4911A95-796D-40E5-BEA3-3235A086232B}.Debug|Any CPU.ActiveCfg = Debug|Any CPU
		{A4911A95-796D-40E5-BEA3-3235A086232B}.Debug|Any CPU.Build.0 = Debug|Any CPU
		{A4911A95-796D-40E5-BEA3-3235A086232B}.Release|Any CPU.ActiveCfg = Release|Any CPU
		{A4911A95-796D-40E5-BEA3-3235A086232B}.Release|Any CPU.Build.0 = Release|Any CPU
		{C9EFF1AD-D6A8-4731-AD72-76790B2A47C2}.Debug|Any CPU.ActiveCfg = Debug|Any CPU
		{C9EFF1AD-D6A8-4731-AD72-76790B2A47C2}.Debug|Any CPU.Build.0 = Debug|Any CPU
		{C9EFF1AD-D6A8-4731-AD72-76790B2A47C2}.Release|Any CPU.ActiveCfg = Release|Any CPU
		{C9EFF1AD-D6A8-4731-AD72-76790B2A47C2}.Release|Any CPU.Build.0 = Release|Any CPU
		{9758BF20-2E4D-4831-995E-81742FDEB153}.Debug|Any CPU.ActiveCfg = Debug|Any CPU
		{9758BF20-2E4D-4831-995E-81742FDEB153}.Debug|Any CPU.Build.0 = Debug|Any CPU
		{9758BF20-2E4D-4831-995E-81742FDEB153}.Release|Any CPU.ActiveCfg = Release|Any CPU
		{9758BF20-2E4D-4831-995E-81742FDEB153}.Release|Any CPU.Build.0 = Release|Any CPU
	EndGlobalSection
	GlobalSection(SolutionProperties) = preSolution
		HideSolutionNode = FALSE
	EndGlobalSection
	GlobalSection(ExtensibilityGlobals) = postSolution
		SolutionGuid = {FAA75227-55DD-4547-A520-2852A159EAD4}
	EndGlobalSection
	GlobalSection(TeamFoundationVersionControl) = preSolution
		SccNumberOfProjects = 7
		SccEnterpriseProvider = {4CA58AB2-18FA-4F8D-95D4-32DDF27D184C}
		SccTeamFoundationServer = http://tfs.bigholding.com.co:8080/tfs/desarrollo%20-%20med
		SccLocalPath0 = .
		SccProjectUniqueName1 = Big.Nutresa.Imagix.UI.Tests\\Big.Nutresa.Imagix.UI.Tests.csproj
		SccProjectName1 = Big.Nutresa.Imagix.UI.Tests
		SccLocalPath1 = Big.Nutresa.Imagix.UI.Tests
		SccProjectUniqueName2 = Big.Nutresa.Imagix.UI\\Big.Nutresa.Imagix.UI.csproj
		SccProjectName2 = Big.Nutresa.Imagix.UI
		SccLocalPath2 = Big.Nutresa.Imagix.UI
		SccProjectUniqueName3 = Big.Nutresa.Imagix.UI.Common\\Big.Nutresa.Imagix.UI.Common.csproj
		SccProjectName3 = Big.Nutresa.Imagix.UI.Common
		SccLocalPath3 = Big.Nutresa.Imagix.UI.Common
		SccProjectUniqueName4 = Big.Nutresa.Imagix.Integration\\Big.Nutresa.Imagix.Integration.csproj
		SccProjectName4 = Big.Nutresa.Imagix.Integration
		SccLocalPath4 = Big.Nutresa.Imagix.Integration
		SccProjectUniqueName5 = Big.Nutresa.Imagix.Business\\Big.Nutresa.Imagix.Business.csproj
		SccProjectName5 = Big.Nutresa.Imagix.Business
		SccLocalPath5 = Big.Nutresa.Imagix.Business
		SccProjectUniqueName6 = Big.Nutresa.Imagix.DataAccess\\Big.Nutresa.Imagix.DataAccess.csproj
		SccProjectName6 = Big.Nutresa.Imagix.DataAccess
		SccLocalPath6 = Big.Nutresa.Imagix.DataAccess
	EndGlobalSection
EndGlobal
